// !$*UTF8*$!
{
	archiveVersion = 1;
	classes = {
	};
	objectVersion = 56;
	objects = {

/* Begin PBXBuildFile section */
		1100000000000000 /* main.swift in Sources */ = {isa = PBXBuildFile; fileRef = 2100000000000000 /* main.swift */; };
		1100000000000001 /* AppDelegate.swift in Sources */ = {isa = PBXBuildFile; fileRef = 2100000000000001 /* AppDelegate.swift */; };
		1100000000000020 /* Geometry.swift in Sources */ = {isa = PBXBuildFile; fileRef = 2100000000000020 /* Geometry.swift */; };
		1100000000000021 /* HotKeyManager.swift in Sources */ = {isa = PBXBuildFile; fileRef = 2100000000000021 /* HotKeyManager.swift */; };
		1100000000000022 /* SystemCursorManager.swift in Sources */ = {isa = PBXBuildFile; fileRef = 2100000000000022 /* SystemCursorManager.swift */; };
		1100000000000003 /* MouseEventMonitor.swift in Sources */ = {isa = PBXBuildFile; fileRef = 2100000000000003 /* MouseEventMonitor.swift */; };
		1100000000000004 /* SettingsManager.swift in Sources */ = {isa = PBXBuildFile; fileRef = 2100000000000004 /* SettingsManager.swift */; };
		1100000000000005 /* OverlayWindowController.swift in Sources */ = {isa = PBXBuildFile; fileRef = 2100000000000005 /* OverlayWindowController.swift */; };
		1100000000000006 /* HighlightView.swift in Sources */ = {isa = PBXBuildFile; fileRef = 2100000000000006 /* HighlightView.swift */; };
		1100000000000007 /* AnimationController.swift in Sources */ = {isa = PBXBuildFile; fileRef = 2100000000000007 /* AnimationController.swift */; };
		1100000000000008 /* CircleHighlight.swift in Sources */ = {isa = PBXBuildFile; fileRef = 2100000000000008 /* CircleHighlight.swift */; };
		1100000000000009 /* SpotlightHighlight.swift in Sources */ = {isa = PBXBuildFile; fileRef = 2100000000000009 /* SpotlightHighlight.swift */; };
		110000000000000A /* RingHighlight.swift in Sources */ = {isa = PBXBuildFile; fileRef = 210000000000000A /* RingHighlight.swift */; };
		110000000000000B /* RippleEffect.swift in Sources */ = {isa = PBXBuildFile; fileRef = 210000000000000B /* RippleEffect.swift */; };
		110000000000000C /* ColorFlashEffect.swift in Sources */ = {isa = PBXBuildFile; fileRef = 210000000000000C /* ColorFlashEffect.swift */; };
		110000000000000D /* ShrinkBounceEffect.swift in Sources */ = {isa = PBXBuildFile; fileRef = 210000000000000D /* ShrinkBounceEffect.swift */; };
		110000000000000E /* MenuBarController.swift in Sources */ = {isa = PBXBuildFile; fileRef = 210000000000000E /* MenuBarController.swift */; };
		110000000000000F /* SettingsView.swift in Sources */ = {isa = PBXBuildFile; fileRef = 210000000000000F /* SettingsView.swift */; };
		1100000000000010 /* Assets.xcassets in Resources */ = {isa = PBXBuildFile; fileRef = 2100000000000010 /* Assets.xcassets */; };
		1100000000000011 /* CrosshairHighlight.swift in Sources */ = {isa = PBXBuildFile; fileRef = 2100000000000013 /* CrosshairHighlight.swift */; };
		1100000000000012 /* PulseHighlight.swift in Sources */ = {isa = PBXBuildFile; fileRef = 2100000000000014 /* PulseHighlight.swift */; };
		1100000000000013 /* HighlightPreviewView.swift in Sources */ = {isa = PBXBuildFile; fileRef = 2100000000000015 /* HighlightPreviewView.swift */; };
/* End PBXBuildFile section */

/* Begin PBXFileReference section */
		2100000000000000 /* main.swift */ = {isa = PBXFileReference; lastKnownFileType = sourcecode.swift; path = main.swift; sourceTree = "<group>"; };
		2100000000000001 /* AppDelegate.swift */ = {isa = PBXFileReference; lastKnownFileType = sourcecode.swift; path = AppDelegate.swift; sourceTree = "<group>"; };
		2100000000000020 /* Geometry.swift */ = {isa = PBXFileReference; lastKnownFileType = sourcecode.swift; path = Geometry.swift; sourceTree = "<group>"; };
		2100000000000021 /* HotKeyManager.swift */ = {isa = PBXFileReference; lastKnownFileType = sourcecode.swift; path = HotKeyManager.swift; sourceTree = "<group>"; };
		2100000000000022 /* SystemCursorManager.swift */ = {isa = PBXFileReference; lastKnownFileType = sourcecode.swift; path = SystemCursorManager.swift; sourceTree = "<group>"; };
		2100000000000003 /* MouseEventMonitor.swift */ = {isa = PBXFileReference; lastKnownFileType = sourcecode.swift; path = MouseEventMonitor.swift; sourceTree = "<group>"; };
		2100000000000004 /* SettingsManager.swift */ = {isa = PBXFileReference; lastKnownFileType = sourcecode.swift; path = SettingsManager.swift; sourceTree = "<group>"; };
		2100000000000005 /* OverlayWindowController.swift */ = {isa = PBXFileReference; lastKnownFileType = sourcecode.swift; path = OverlayWindowController.swift; sourceTree = "<group>"; };
		2100000000000006 /* HighlightView.swift */ = {isa = PBXFileReference; lastKnownFileType = sourcecode.swift; path = HighlightView.swift; sourceTree = "<group>"; };
		2100000000000007 /* AnimationController.swift */ = {isa = PBXFileReference; lastKnownFileType = sourcecode.swift; path = AnimationController.swift; sourceTree = "<group>"; };
		2100000000000008 /* CircleHighlight.swift */ = {isa = PBXFileReference; lastKnownFileType = sourcecode.swift; path = CircleHighlight.swift; sourceTree = "<group>"; };
		2100000000000009 /* SpotlightHighlight.swift */ = {isa = PBXFileReference; lastKnownFileType = sourcecode.swift; path = SpotlightHighlight.swift; sourceTree = "<group>"; };
		210000000000000A /* RingHighlight.swift */ = {isa = PBXFileReference; lastKnownFileType = sourcecode.swift; path = RingHighlight.swift; sourceTree = "<group>"; };
		210000000000000B /* RippleEffect.swift */ = {isa = PBXFileReference; lastKnownFileType = sourcecode.swift; path = RippleEffect.swift; sourceTree = "<group>"; };
		210000000000000C /* ColorFlashEffect.swift */ = {isa = PBXFileReference; lastKnownFileType = sourcecode.swift; path = ColorFlashEffect.swift; sourceTree = "<group>"; };
		210000000000000D /* ShrinkBounceEffect.swift */ = {isa = PBXFileReference; lastKnownFileType = sourcecode.swift; path = ShrinkBounceEffect.swift; sourceTree = "<group>"; };
		210000000000000E /* MenuBarController.swift */ = {isa = PBXFileReference; lastKnownFileType = sourcecode.swift; path = MenuBarController.swift; sourceTree = "<group>"; };
		210000000000000F /* SettingsView.swift */ = {isa = PBXFileReference; lastKnownFileType = sourcecode.swift; path = SettingsView.swift; sourceTree = "<group>"; };
		2100000000000010 /* Assets.xcassets */ = {isa = PBXFileReference; lastKnownFileType = folder.assetcatalog; path = Assets.xcassets; sourceTree = "<group>"; };
		2100000000000011 /* Info.plist */ = {isa = PBXFileReference; lastKnownFileType = text.plist.xml; path = Info.plist; sourceTree = "<group>"; };
		2100000000000012 /* MouseHighlighter.entitlements */ = {isa = PBXFileReference; lastKnownFileType = text.plist.entitlements; path = MouseHighlighter.entitlements; sourceTree = "<group>"; };
		2100000000000013 /* CrosshairHighlight.swift */ = {isa = PBXFileReference; lastKnownFileType = sourcecode.swift; path = CrosshairHighlight.swift; sourceTree = "<group>"; };
		2100000000000014 /* PulseHighlight.swift */ = {isa = PBXFileReference; lastKnownFileType = sourcecode.swift; path = PulseHighlight.swift; sourceTree = "<group>"; };
		2100000000000015 /* HighlightPreviewView.swift */ = {isa = PBXFileReference; lastKnownFileType = sourcecode.swift; path = HighlightPreviewView.swift; sourceTree = "<group>"; };
		3100000000000001 /* MouseHighlighter.app */ = {isa = PBXFileReference; explicitFileType = wrapper.application; includeInIndex = 0; path = MouseHighlighter.app; sourceTree = BUILT_PRODUCTS_DIR; };
/* End PBXFileReference section */

/* Begin PBXFrameworksBuildPhase section */
		4100000000000001 /* Frameworks */ = {
			isa = PBXFrameworksBuildPhase;
			buildActionMask = 2147483647;
			files = (
			);
			runOnlyForDeploymentPostprocessing = 0;
		};
/* End PBXFrameworksBuildPhase section */

/* Begin PBXGroup section */
		5100000000000001 = {
			isa = PBXGroup;
			children = (
				5100000000000002 /* MouseHighlighter */,
				5100000000000003 /* Products */,
			);
			sourceTree = "<group>";
		};
		5100000000000002 /* MouseHighlighter */ = {
			isa = PBXGroup;
			children = (
				5100000000000004 /* App */,
				5100000000000005 /* Core */,
				5100000000000006 /* Overlay */,
				5100000000000007 /* Highlights */,
				5100000000000008 /* ClickEffects */,
				5100000000000009 /* UI */,
				510000000000000A /* Resources */,
				2100000000000012 /* MouseHighlighter.entitlements */,
			);
			path = MouseHighlighter;
			sourceTree = "<group>";
		};
		5100000000000003 /* Products */ = {
			isa = PBXGroup;
			children = (
				3100000000000001 /* MouseHighlighter.app */,
			);
			name = Products;
			sourceTree = "<group>";
		};
		5100000000000004 /* App */ = {
			isa = PBXGroup;
			children = (
				2100000000000000 /* main.swift */,
				2100000000000001 /* AppDelegate.swift */,
				2100000000000011 /* Info.plist */,
			);
			path = App;
			sourceTree = "<group>";
		};
		5100000000000005 /* Core */ = {
			isa = PBXGroup;
			children = (
				2100000000000020 /* Geometry.swift */,
				2100000000000021 /* HotKeyManager.swift */,
				2100000000000022 /* SystemCursorManager.swift */,
				2100000000000003 /* MouseEventMonitor.swift */,
				2100000000000004 /* SettingsManager.swift */,
			);
			path = Core;
			sourceTree = "<group>";
		};
		5100000000000006 /* Overlay */ = {
			isa = PBXGroup;
			children = (
				2100000000000005 /* OverlayWindowController.swift */,
				2100000000000006 /* HighlightView.swift */,
				2100000000000007 /* AnimationController.swift */,
			);
			path = Overlay;
			sourceTree = "<group>";
		};
		5100000000000007 /* Highlights */ = {
			isa = PBXGroup;
			children = (
				2100000000000008 /* CircleHighlight.swift */,
				2100000000000009 /* SpotlightHighlight.swift */,
				210000000000000A /* RingHighlight.swift */,
				2100000000000013 /* CrosshairHighlight.swift */,
				2100000000000014 /* PulseHighlight.swift */,
			);
			path = Highlights;
			sourceTree = "<group>";
		};
		5100000000000008 /* ClickEffects */ = {
			isa = PBXGroup;
			children = (
				210000000000000B /* RippleEffect.swift */,
				210000000000000C /* ColorFlashEffect.swift */,
				210000000000000D /* ShrinkBounceEffect.swift */,
			);
			path = ClickEffects;
			sourceTree = "<group>";
		};
		5100000000000009 /* UI */ = {
			isa = PBXGroup;
			children = (
				210000000000000E /* MenuBarController.swift */,
				210000000000000F /* SettingsView.swift */,
				2100000000000015 /* HighlightPreviewView.swift */,
			);
			path = UI;
			sourceTree = "<group>";
		};
		510000000000000A /* Resources */ = {
			isa = PBXGroup;
			children = (
				2100000000000010 /* Assets.xcassets */,
			);
			path = Resources;
			sourceTree = "<group>";
		};
/* End PBXGroup section */

/* Begin PBXNativeTarget section */
		6100000000000001 /* MouseHighlighter */ = {
			isa = PBXNativeTarget;
			buildConfigurationList = 7100000000000003 /* Build configuration list for PBXNativeTarget "MouseHighlighter" */;
			buildPhases = (
				6100000000000002 /* Sources */,
				4100000000000001 /* Frameworks */,
				6100000000000003 /* Resources */,
			);
			buildRules = (
			);
			dependencies = (
			);
			name = MouseHighlighter;
			productName = MouseHighlighter;
			productReference = 3100000000000001 /* MouseHighlighter.app */;
			productType = "com.apple.product-type.application";
		};
/* End PBXNativeTarget section */

/* Begin PBXProject section */
		8100000000000001 /* Project object */ = {
			isa = PBXProject;
			attributes = {
				BuildIndependentTargetsInParallel = 1;
				LastSwiftUpdateCheck = 1500;
				LastUpgradeCheck = 1500;
				TargetAttributes = {
					6100000000000001 = {
						CreatedOnToolsVersion = 15.0;
					};
				};
			};
			buildConfigurationList = 7100000000000001 /* Build configuration list for PBXProject "MouseHighlighter" */;
			compatibilityVersion = "Xcode 14.0";
			developmentRegion = en;
			hasScannedForEncodings = 0;
			knownRegions = (
				en,
				Base,
			);
			mainGroup = 5100000000000001;
			productRefGroup = 5100000000000003 /* Products */;
			projectDirPath = "";
			projectRoot = "";
			targets = (
				6100000000000001 /* MouseHighlighter */,
			);
		};
/* End PBXProject section */

/* Begin PBXResourcesBuildPhase section */
		6100000000000003 /* Resources */ = {
			isa = PBXResourcesBuildPhase;
			buildActionMask = 2147483647;
			files = (
				1100000000000010 /* Assets.xcassets in Resources */,
			);
			runOnlyForDeploymentPostprocessing = 0;
		};
/* End PBXResourcesBuildPhase section */

/* Begin PBXSourcesBuildPhase section */
		6100000000000002 /* Sources */ = {
			isa = PBXSourcesBuildPhase;
			buildActionMask = 2147483647;
			files = (
				1100000000000000 /* main.swift in Sources */,
				1100000000000001 /* AppDelegate.swift in Sources */,
				1100000000000020 /* Geometry.swift in Sources */,
				1100000000000021 /* HotKeyManager.swift in Sources */,
				1100000000000022 /* SystemCursorManager.swift in Sources */,
				1100000000000003 /* MouseEventMonitor.swift in Sources */,
				1100000000000004 /* SettingsManager.swift in Sources */,
				1100000000000005 /* OverlayWindowController.swift in Sources */,
				1100000000000006 /* HighlightView.swift in Sources */,
				1100000000000007 /* AnimationController.swift in Sources */,
				1100000000000008 /* CircleHighlight.swift in Sources */,
				1100000000000009 /* SpotlightHighlight.swift in Sources */,
				110000000000000A /* RingHighlight.swift in Sources */,
				110000000000000B /* RippleEffect.swift in Sources */,
				110000000000000C /* ColorFlashEffect.swift in Sources */,
				110000000000000D /* ShrinkBounceEffect.swift in Sources */,
				110000000000000E /* MenuBarController.swift in Sources */,
				110000000000000F /* SettingsView.swift in Sources */,
				1100000000000011 /* CrosshairHighlight.swift in Sources */,
				1100000000000012 /* PulseHighlight.swift in Sources */,
				1100000000000013 /* HighlightPreviewView.swift in Sources */,
			);
			runOnlyForDeploymentPostprocessing = 0;
		};
/* End PBXSourcesBuildPhase section */

/* Begin XCBuildConfiguration section */
		9100000000000001 /* Debug */ = {
			isa = XCBuildConfiguration;
			buildSettings = {
				ALWAYS_SEARCH_USER_PATHS = NO;
				ASSETCATALOG_COMPILER_GENERATE_SWIFT_ASSET_SYMBOL_EXTENSIONS = YES;
				CLANG_ANALYZER_NONNULL = YES;
				CLANG_ANALYZER_NUMBER_OBJECT_CONVERSION = YES_AGGRESSIVE;
				CLANG_CXX_LANGUAGE_STANDARD = "gnu++20";
				CLANG_ENABLE_MODULES = YES;
				CLANG_ENABLE_OBJC_ARC = YES;
				CLANG_ENABLE_OBJC_WEAK = YES;
				CLANG_WARN_BLOCK_CAPTURE_AUTORELEASING = YES;
				CLANG_WARN_BOOL_CONVERSION = YES;
				CLANG_WARN_COMMA = YES;
				CLANG_WARN_CONSTANT_CONVERSION = YES;
				CLANG_WARN_DEPRECATED_OBJC_IMPLEMENTATIONS = YES;
				CLANG_WARN_DIRECT_OBJC_ISA_USAGE = YES_ERROR;
				CLANG_WARN_DOCUMENTATION_COMMENTS = YES;
				CLANG_WARN_EMPTY_BODY = YES;
				CLANG_WARN_ENUM_CONVERSION = YES;
				CLANG_WARN_INFINITE_RECURSION = YES;
				CLANG_WARN_INT_CONVERSION = YES;
				CLANG_WARN_NON_LITERAL_NULL_CONVERSION = YES;
				CLANG_WARN_OBJC_IMPLICIT_RETAIN_SELF = YES;
				CLANG_WARN_OBJC_LITERAL_CONVERSION = YES;
				CLANG_WARN_OBJC_ROOT_CLASS = YES_ERROR;
				CLANG_WARN_QUOTED_INCLUDE_IN_FRAMEWORK_HEADER = YES;
				CLANG_WARN_RANGE_LOOP_ANALYSIS = YES;
				CLANG_WARN_STRICT_PROTOTYPES = YES;
				CLANG_WARN_SUSPICIOUS_MOVE = YES;
				CLANG_WARN_UNGUARDED_AVAILABILITY = YES_AGGRESSIVE;
				CLANG_WARN_UNREACHABLE_CODE = YES;
				CLANG_WARN__DUPLICATE_METHOD_MATCH = YES;
				COPY_PHASE_STRIP = NO;
				DEBUG_INFORMATION_FORMAT = dwarf;
				ENABLE_STRICT_OBJC_MSGSEND = YES;
				ENABLE_TESTABILITY = YES;
				ENABLE_USER_SCRIPT_SANDBOXING = YES;
				GCC_C_LANGUAGE_STANDARD = gnu17;
				GCC_DYNAMIC_NO_PIC = NO;
				GCC_NO_COMMON_BLOCKS = YES;
				GCC_OPTIMIZATION_LEVEL = 0;
				GCC_PREPROCESSOR_DEFINITIONS = (
					"DEBUG=1",
					"$(inherited)",
				);
				GCC_WARN_64_TO_32_BIT_CONVERSION = YES;
				GCC_WARN_ABOUT_RETURN_TYPE = YES_ERROR;
				GCC_WARN_UNDECLARED_SELECTOR = YES;
				GCC_WARN_UNINITIALIZED_AUTOS = YES_AGGRESSIVE;
				GCC_WARN_UNUSED_FUNCTION = YES;
				GCC_WARN_UNUSED_VARIABLE = YES;
				MACOSX_DEPLOYMENT_TARGET = 12.0;
				MTL_ENABLE_DEBUG_INFO = INCLUDE_SOURCE;
				MTL_FAST_MATH = YES;
				ONLY_ACTIVE_ARCH = YES;
				SDKROOT = macosx;
				SWIFT_ACTIVE_COMPILATION_CONDITIONS = "DEBUG $(inherited)";
				SWIFT_OPTIMIZATION_LEVEL = "-Onone";
			};
			name = Debug;
		};
		9100000000000002 /* Release */ = {
			isa = XCBuildConfiguration;
			buildSettings = {
				ALWAYS_SEARCH_USER_PATHS = NO;
				ASSETCATALOG_COMPILER_GENERATE_SWIFT_ASSET_SYMBOL_EXTENSIONS = YES;
				CLANG_ANALYZER_NONNULL = YES;
				CLANG_ANALYZER_NUMBER_OBJECT_CONVERSION = YES_AGGRESSIVE;
				CLANG_CXX_LANGUAGE_STANDARD = "gnu++20";
				CLANG_ENABLE_MODULES = YES;
				CLANG_ENABLE_OBJC_ARC = YES;
				CLANG_ENABLE_OBJC_WEAK = YES;
				CLANG_WARN_BLOCK_CAPTURE_AUTORELEASING = YES;
				CLANG_WARN_BOOL_CONVERSION = YES;
				CLANG_WARN_COMMA = YES;
				CLANG_WARN_CONSTANT_CONVERSION = YES;
				CLANG_WARN_DEPRECATED_OBJC_IMPLEMENTATIONS = YES;
				CLANG_WARN_DIRECT_OBJC_ISA_USAGE = YES_ERROR;
				CLANG_WARN_DOCUMENTATION_COMMENTS = YES;
				CLANG_WARN_EMPTY_BODY = YES;
				CLANG_WARN_ENUM_CONVERSION = YES;
				CLANG_WARN_INFINITE_RECURSION = YES;
				CLANG_WARN_INT_CONVERSION = YES;
				CLANG_WARN_NON_LITERAL_NULL_CONVERSION = YES;
				CLANG_WARN_OBJC_IMPLICIT_RETAIN_SELF = YES;
				CLANG_WARN_OBJC_LITERAL_CONVERSION = YES;
				CLANG_WARN_OBJC_ROOT_CLASS = YES_ERROR;
				CLANG_WARN_QUOTED_INCLUDE_IN_FRAMEWORK_HEADER = YES;
				CLANG_WARN_RANGE_LOOP_ANALYSIS = YES;
				CLANG_WARN_STRICT_PROTOTYPES = YES;
				CLANG_WARN_SUSPICIOUS_MOVE = YES;
				CLANG_WARN_UNGUARDED_AVAILABILITY = YES_AGGRESSIVE;
				CLANG_WARN_UNREACHABLE_CODE = YES;
				CLANG_WARN__DUPLICATE_METHOD_MATCH = YES;
				COPY_PHASE_STRIP = NO;
				DEBUG_INFORMATION_FORMAT = "dwarf-with-dsym";
				ENABLE_NS_ASSERTIONS = NO;
				ENABLE_STRICT_OBJC_MSGSEND = YES;
				ENABLE_USER_SCRIPT_SANDBOXING = YES;
				GCC_C_LANGUAGE_STANDARD = gnu17;
				GCC_NO_COMMON_BLOCKS = YES;
				GCC_WARN_64_TO_32_BIT_CONVERSION = YES;
				GCC_WARN_ABOUT_RETURN_TYPE = YES_ERROR;
				GCC_WARN_UNDECLARED_SELECTOR = YES;
				GCC_WARN_UNINITIALIZED_AUTOS = YES_AGGRESSIVE;
				GCC_WARN_UNUSED_FUNCTION = YES;
				GCC_WARN_UNUSED_VARIABLE = YES;
				MACOSX_DEPLOYMENT_TARGET = 12.0;
				MTL_ENABLE_DEBUG_INFO = NO;
				MTL_FAST_MATH = YES;
				SDKROOT = macosx;
				SWIFT_COMPILATION_MODE = wholemodule;
			};
			name = Release;
		};
		9100000000000003 /* Debug */ = {
			isa = XCBuildConfiguration;
			buildSettings = {
				ARCHS = "$(ARCHS_STANDARD)";
				ASSETCATALOG_COMPILER_APPICON_NAME = AppIcon;
				ASSETCATALOG_COMPILER_GLOBAL_ACCENT_COLOR_NAME = AccentColor;
				CODE_SIGN_ENTITLEMENTS = MouseHighlighter/MouseHighlighter.entitlements;
				CODE_SIGN_STYLE = Automatic;
				COMBINE_HIDPI_IMAGES = YES;
				CURRENT_PROJECT_VERSION = 1;
				DEVELOPMENT_TEAM = "";
				ENABLE_HARDENED_RUNTIME = YES;
				GENERATE_INFOPLIST_FILE = NO;
				INFOPLIST_FILE = MouseHighlighter/App/Info.plist;
				INFOPLIST_KEY_LSApplicationCategoryType = "public.app-category.utilities";
				INFOPLIST_KEY_NSHumanReadableCopyright = "Copyright © 2024 Mac Cursor Highlighter Thingy Contributors. All rights reserved.";
				LD_RUNPATH_SEARCH_PATHS = (
					"$(inherited)",
					"@executable_path/../Frameworks",
				);
				MARKETING_VERSION = 1.0;
				PRODUCT_BUNDLE_IDENTIFIER = io.github.macmousehighlighter;
				PRODUCT_NAME = "Mac Cursor Highlighter Thingy";
				SWIFT_EMIT_LOC_STRINGS = YES;
				SWIFT_VERSION = 5.0;
			};
			name = Debug;
		};
		9100000000000004 /* Release */ = {
			isa = XCBuildConfiguration;
			buildSettings = {
				ARCHS = "$(ARCHS_STANDARD)";
				ASSETCATALOG_COMPILER_APPICON_NAME = AppIcon;
				ASSETCATALOG_COMPILER_GLOBAL_ACCENT_COLOR_NAME = AccentColor;
				CODE_SIGN_ENTITLEMENTS = MouseHighlighter/MouseHighlighter.entitlements;
				CODE_SIGN_STYLE = Automatic;
				COMBINE_HIDPI_IMAGES = YES;
				CURRENT_PROJECT_VERSION = 1;
				DEVELOPMENT_TEAM = "";
				ENABLE_HARDENED_RUNTIME = YES;
				GENERATE_INFOPLIST_FILE = NO;
				INFOPLIST_FILE = MouseHighlighter/App/Info.plist;
				INFOPLIST_KEY_LSApplicationCategoryType = "public.app-category.utilities";
				INFOPLIST_KEY_NSHumanReadableCopyright = "Copyright © 2024 Mac Cursor Highlighter Thingy Contributors. All rights reserved.";
				LD_RUNPATH_SEARCH_PATHS = (
					"$(inherited)",
					"@executable_path/../Frameworks",
				);
				MARKETING_VERSION = 1.0;
				PRODUCT_BUNDLE_IDENTIFIER = io.github.macmousehighlighter;
				PRODUCT_NAME = "Mac Cursor Highlighter Thingy";
				SWIFT_EMIT_LOC_STRINGS = YES;
				SWIFT_VERSION = 5.0;
			};
			name = Release;
		};
/* End XCBuildConfiguration section */

/* Begin XCConfigurationList section */
		7100000000000001 /* Build configuration list for PBXProject "MouseHighlighter" */ = {
			isa = XCConfigurationList;
			buildConfigurations = (
				9100000000000001 /* Debug */,
				9100000000000002 /* Release */,
			);
			defaultConfigurationIsVisible = 0;
			defaultConfigurationName = Release;
		};
		7100000000000003 /* Build configuration list for PBXNativeTarget "MouseHighlighter" */ = {
			isa = XCConfigurationList;
			buildConfigurations = (
				9100000000000003 /* Debug */,
				9100000000000004 /* Release */,
			);
			defaultConfigurationIsVisible = 0;
			defaultConfigurationName = Release;
		};
/* End XCConfigurationList section */
	};
	rootObject = 8100000000000001 /* Project object */;
}
